// !$*UTF8*$!
{
	archiveVersion = 1;
	classes = {
	};
	objectVersion = 55;
	objects = {

/* Begin PBXBuildFile section */
		643806F0289C689D0070E1FC /* AppDelegate.swift in Sources */ = {isa = PBXBuildFile; fileRef = 643806EF289C689D0070E1FC /* AppDelegate.swift */; };
		643806F2289C689D0070E1FC /* SceneDelegate.swift in Sources */ = {isa = PBXBuildFile; fileRef = 643806F1289C689D0070E1FC /* SceneDelegate.swift */; };
		643806F4289C689D0070E1FC /* LoginViewController.swift in Sources */ = {isa = PBXBuildFile; fileRef = 643806F3289C689D0070E1FC /* LoginViewController.swift */; };
		643806F9289C689D0070E1FC /* Assets.xcassets in Resources */ = {isa = PBXBuildFile; fileRef = 643806F8289C689D0070E1FC /* Assets.xcassets */; };
		643806FC289C689D0070E1FC /* LaunchScreen.storyboard in Resources */ = {isa = PBXBuildFile; fileRef = 643806FA289C689D0070E1FC /* LaunchScreen.storyboard */; };
		6438070A289CAC540070E1FC /* GFTitleLabel.swift in Sources */ = {isa = PBXBuildFile; fileRef = 64380709289CAC540070E1FC /* GFTitleLabel.swift */; };
		6438070C289CB4B80070E1FC /* GFTextField.swift in Sources */ = {isa = PBXBuildFile; fileRef = 6438070B289CB4B80070E1FC /* GFTextField.swift */; };
		6438070E289CB8F70070E1FC /* GFButton.swift in Sources */ = {isa = PBXBuildFile; fileRef = 6438070D289CB8F70070E1FC /* GFButton.swift */; };
		64380712289CC4760070E1FC /* UIViewController.swift in Sources */ = {isa = PBXBuildFile; fileRef = 64380711289CC4760070E1FC /* UIViewController.swift */; };
		64380715289CC4E60070E1FC /* GFAlertViewController.swift in Sources */ = {isa = PBXBuildFile; fileRef = 64380714289CC4E60070E1FC /* GFAlertViewController.swift */; };
		64380718289CC66E0070E1FC /* GFAlertContainerView.swift in Sources */ = {isa = PBXBuildFile; fileRef = 64380717289CC66E0070E1FC /* GFAlertContainerView.swift */; };
		64E43897289DAF8F0021BA79 /* GFBodyLabel.swift in Sources */ = {isa = PBXBuildFile; fileRef = 64E43896289DAF8F0021BA79 /* GFBodyLabel.swift */; };
/* End PBXBuildFile section */

/* Begin PBXFileReference section */
		643806EC289C689D0070E1FC /* Login.app */ = {isa = PBXFileReference; explicitFileType = wrapper.application; includeInIndex = 0; path = Login.app; sourceTree = BUILT_PRODUCTS_DIR; };
		643806EF289C689D0070E1FC /* AppDelegate.swift */ = {isa = PBXFileReference; lastKnownFileType = sourcecode.swift; path = AppDelegate.swift; sourceTree = "<group>"; };
		643806F1289C689D0070E1FC /* SceneDelegate.swift */ = {isa = PBXFileReference; lastKnownFileType = sourcecode.swift; path = SceneDelegate.swift; sourceTree = "<group>"; };
		643806F3289C689D0070E1FC /* LoginViewController.swift */ = {isa = PBXFileReference; lastKnownFileType = sourcecode.swift; path = LoginViewController.swift; sourceTree = "<group>"; };
		643806F8289C689D0070E1FC /* Assets.xcassets */ = {isa = PBXFileReference; lastKnownFileType = folder.assetcatalog; path = Assets.xcassets; sourceTree = "<group>"; };
		643806FB289C689D0070E1FC /* Base */ = {isa = PBXFileReference; lastKnownFileType = file.storyboard; name = Base; path = Base.lproj/LaunchScreen.storyboard; sourceTree = "<group>"; };
		643806FD289C689D0070E1FC /* Info.plist */ = {isa = PBXFileReference; lastKnownFileType = text.plist.xml; path = Info.plist; sourceTree = "<group>"; };
		64380709289CAC540070E1FC /* GFTitleLabel.swift */ = {isa = PBXFileReference; lastKnownFileType = sourcecode.swift; path = GFTitleLabel.swift; sourceTree = "<group>"; };
		6438070B289CB4B80070E1FC /* GFTextField.swift */ = {isa = PBXFileReference; lastKnownFileType = sourcecode.swift; path = GFTextField.swift; sourceTree = "<group>"; };
		6438070D289CB8F70070E1FC /* GFButton.swift */ = {isa = PBXFileReference; lastKnownFileType = sourcecode.swift; path = GFButton.swift; sourceTree = "<group>"; };
		64380711289CC4760070E1FC /* UIViewController.swift */ = {isa = PBXFileReference; lastKnownFileType = sourcecode.swift; path = UIViewController.swift; sourceTree = "<group>"; };
		64380714289CC4E60070E1FC /* GFAlertViewController.swift */ = {isa = PBXFileReference; lastKnownFileType = sourcecode.swift; path = GFAlertViewController.swift; sourceTree = "<group>"; };
		64380717289CC66E0070E1FC /* GFAlertContainerView.swift */ = {isa = PBXFileReference; lastKnownFileType = sourcecode.swift; path = GFAlertContainerView.swift; sourceTree = "<group>"; };
		64E43896289DAF8F0021BA79 /* GFBodyLabel.swift */ = {isa = PBXFileReference; lastKnownFileType = sourcecode.swift; path = GFBodyLabel.swift; sourceTree = "<group>"; };
/* End PBXFileReference section */

/* Begin PBXFrameworksBuildPhase section */
		643806E9289C689D0070E1FC /* Frameworks */ = {
			isa = PBXFrameworksBuildPhase;
			buildActionMask = 2147483647;
			files = (
			);
			runOnlyForDeploymentPostprocessing = 0;
		};
/* End PBXFrameworksBuildPhase section */

/* Begin PBXGroup section */
		643806E3289C689D0070E1FC = {
			isa = PBXGroup;
			children = (
				643806EE289C689D0070E1FC /* Login */,
				643806ED289C689D0070E1FC /* Products */,
			);
			sourceTree = "<group>";
		};
		643806ED289C689D0070E1FC /* Products */ = {
			isa = PBXGroup;
			children = (
				643806EC289C689D0070E1FC /* Login.app */,
			);
			name = Products;
			sourceTree = "<group>";
		};
		643806EE289C689D0070E1FC /* Login */ = {
			isa = PBXGroup;
			children = (
				6438070F289CC4340070E1FC /* Extensions */,
				64380705289CAB310070E1FC /* Custom Views */,
				64380704289C6A740070E1FC /* Screens */,
				64380703289C6A5F0070E1FC /* Support */,
				643806FD289C689D0070E1FC /* Info.plist */,
			);
			path = Login;
			sourceTree = "<group>";
		};
		64380703289C6A5F0070E1FC /* Support */ = {
			isa = PBXGroup;
			children = (
				643806EF289C689D0070E1FC /* AppDelegate.swift */,
				643806F1289C689D0070E1FC /* SceneDelegate.swift */,
				643806F8289C689D0070E1FC /* Assets.xcassets */,
				643806FA289C689D0070E1FC /* LaunchScreen.storyboard */,
			);
			path = Support;
			sourceTree = "<group>";
		};
		64380704289C6A740070E1FC /* Screens */ = {
			isa = PBXGroup;
			children = (
				643806F3289C689D0070E1FC /* LoginViewController.swift */,
			);
			path = Screens;
			sourceTree = "<group>";
		};
		64380705289CAB310070E1FC /* Custom Views */ = {
			isa = PBXGroup;
			children = (
				64380716289CC6510070E1FC /* Views */,
				64380713289CC4C10070E1FC /* ViewControllers */,
				64380708289CAB5D0070E1FC /* Labels */,
				64380707289CAB4E0070E1FC /* TextFields */,
				64380706289CAB460070E1FC /* Buttons */,
			);
			path = "Custom Views";
			sourceTree = "<group>";
		};
		64380706289CAB460070E1FC /* Buttons */ = {
			isa = PBXGroup;
			children = (
				6438070D289CB8F70070E1FC /* GFButton.swift */,
			);
			path = Buttons;
			sourceTree = "<group>";
		};
		64380707289CAB4E0070E1FC /* TextFields */ = {
			isa = PBXGroup;
			children = (
				6438070B289CB4B80070E1FC /* GFTextField.swift */,
			);
			path = TextFields;
			sourceTree = "<group>";
		};
		64380708289CAB5D0070E1FC /* Labels */ = {
			isa = PBXGroup;
			children = (
				64380709289CAC540070E1FC /* GFTitleLabel.swift */,
				64E43896289DAF8F0021BA79 /* GFBodyLabel.swift */,
			);
			path = Labels;
			sourceTree = "<group>";
		};
		6438070F289CC4340070E1FC /* Extensions */ = {
			isa = PBXGroup;
			children = (
				64380711289CC4760070E1FC /* UIViewController.swift */,
			);
			path = Extensions;
			sourceTree = "<group>";
		};
		64380713289CC4C10070E1FC /* ViewControllers */ = {
			isa = PBXGroup;
			children = (
				64380714289CC4E60070E1FC /* GFAlertViewController.swift */,
			);
			path = ViewControllers;
			sourceTree = "<group>";
		};
		64380716289CC6510070E1FC /* Views */ = {
			isa = PBXGroup;
			children = (
				64380717289CC66E0070E1FC /* GFAlertContainerView.swift */,
			);
			path = Views;
			sourceTree = "<group>";
		};
/* End PBXGroup section */

/* Begin PBXNativeTarget section */
		643806EB289C689D0070E1FC /* Login */ = {
			isa = PBXNativeTarget;
			buildConfigurationList = 64380700289C689D0070E1FC /* Build configuration list for PBXNativeTarget "Login" */;
			buildPhases = (
				643806E8289C689D0070E1FC /* Sources */,
				643806E9289C689D0070E1FC /* Frameworks */,
				643806EA289C689D0070E1FC /* Resources */,
			);
			buildRules = (
			);
			dependencies = (
			);
			name = Login;
			productName = Login;
			productReference = 643806EC289C689D0070E1FC /* Login.app */;
			productType = "com.apple.product-type.application";
		};
/* End PBXNativeTarget section */

/* Begin PBXProject section */
		643806E4289C689D0070E1FC /* Project object */ = {
			isa = PBXProject;
			attributes = {
				BuildIndependentTargetsInParallel = 1;
				LastSwiftUpdateCheck = 1340;
				LastUpgradeCheck = 1340;
				TargetAttributes = {
					643806EB289C689D0070E1FC = {
						CreatedOnToolsVersion = 13.4.1;
					};
				};
			};
			buildConfigurationList = 643806E7289C689D0070E1FC /* Build configuration list for PBXProject "Login" */;
			compatibilityVersion = "Xcode 13.0";
			developmentRegion = en;
			hasScannedForEncodings = 0;
			knownRegions = (
				en,
				Base,
			);
			mainGroup = 643806E3289C689D0070E1FC;
			productRefGroup = 643806ED289C689D0070E1FC /* Products */;
			projectDirPath = "";
			projectRoot = "";
			targets = (
				643806EB289C689D0070E1FC /* Login */,
			);
		};
/* End PBXProject section */

/* Begin PBXResourcesBuildPhase section */
		643806EA289C689D0070E1FC /* Resources */ = {
			isa = PBXResourcesBuildPhase;
			buildActionMask = 2147483647;
			files = (
				643806FC289C689D0070E1FC /* LaunchScreen.storyboard in Resources */,
				643806F9289C689D0070E1FC /* Assets.xcassets in Resources */,
			);
			runOnlyForDeploymentPostprocessing = 0;
		};
/* End PBXResourcesBuildPhase section */

/* Begin PBXSourcesBuildPhase section */
		643806E8289C689D0070E1FC /* Sources */ = {
			isa = PBXSourcesBuildPhase;
			buildActionMask = 2147483647;
			files = (
				64380718289CC66E0070E1FC /* GFAlertContainerView.swift in Sources */,
				64380712289CC4760070E1FC /* UIViewController.swift in Sources */,
				6438070A289CAC540070E1FC /* GFTitleLabel.swift in Sources */,
				64380715289CC4E60070E1FC /* GFAlertViewController.swift in Sources */,
				643806F4289C689D0070E1FC /* LoginViewController.swift in Sources */,
				6438070E289CB8F70070E1FC /* GFButton.swift in Sources */,
				6438070C289CB4B80070E1FC /* GFTextField.swift in Sources */,
				643806F0289C689D0070E1FC /* AppDelegate.swift in Sources */,
				643806F2289C689D0070E1FC /* SceneDelegate.swift in Sources */,
				64E43897289DAF8F0021BA79 /* GFBodyLabel.swift in Sources */,
			);
			runOnlyForDeploymentPostprocessing = 0;
		};
/* End PBXSourcesBuildPhase section */

/* Begin PBXVariantGroup section */
		643806FA289C689D0070E1FC /* LaunchScreen.storyboard */ = {
			isa = PBXVariantGroup;
			children = (
				643806FB289C689D0070E1FC /* Base */,
			);
			name = LaunchScreen.storyboard;
			sourceTree = "<group>";
		};
/* End PBXVariantGroup section */

/* Begin XCBuildConfiguration section */
		643806FE289C689D0070E1FC /* Debug */ = {
			isa = XCBuildConfiguration;
			buildSettings = {
				ALWAYS_SEARCH_USER_PATHS = NO;
				CLANG_ANALYZER_NONNULL = YES;
				CLANG_ANALYZER_NUMBER_OBJECT_CONVERSION = YES_AGGRESSIVE;
				CLANG_CXX_LANGUAGE_STANDARD = "gnu++17";
				CLANG_ENABLE_MODULES = YES;
				CLANG_ENABLE_OBJC_ARC = YES;
				CLANG_ENABLE_OBJC_WEAK = YES;
				CLANG_WARN_BLOCK_CAPTURE_AUTORELEASING = YES;
				CLANG_WARN_BOOL_CONVERSION = YES;
				CLANG_WARN_COMMA = YES;
				CLANG_WARN_CONSTANT_CONVERSION = YES;
				CLANG_WARN_DEPRECATED_OBJC_IMPLEMENTATIONS = YES;
				CLANG_WARN_DIRECT_OBJC_ISA_USAGE = YES_ERROR;
				CLANG_WARN_DOCUMENTATION_COMMENTS = YES;
				CLANG_WARN_EMPTY_BODY = YES;
				CLANG_WARN_ENUM_CONVERSION = YES;
				CLANG_WARN_INFINITE_RECURSION = YES;
				CLANG_WARN_INT_CONVERSION = YES;
				CLANG_WARN_NON_LITERAL_NULL_CONVERSION = YES;
				CLANG_WARN_OBJC_IMPLICIT_RETAIN_SELF = YES;
				CLANG_WARN_OBJC_LITERAL_CONVERSION = YES;
				CLANG_WARN_OBJC_ROOT_CLASS = YES_ERROR;
				CLANG_WARN_QUOTED_INCLUDE_IN_FRAMEWORK_HEADER = YES;
				CLANG_WARN_RANGE_LOOP_ANALYSIS = YES;
				CLANG_WARN_STRICT_PROTOTYPES = YES;
				CLANG_WARN_SUSPICIOUS_MOVE = YES;
				CLANG_WARN_UNGUARDED_AVAILABILITY = YES_AGGRESSIVE;
				CLANG_WARN_UNREACHABLE_CODE = YES;
				CLANG_WARN__DUPLICATE_METHOD_MATCH = YES;
				COPY_PHASE_STRIP = NO;
				DEBUG_INFORMATION_FORMAT = dwarf;
				ENABLE_STRICT_OBJC_MSGSEND = YES;
				ENABLE_TESTABILITY = YES;
				GCC_C_LANGUAGE_STANDARD = gnu11;
				GCC_DYNAMIC_NO_PIC = NO;
				GCC_NO_COMMON_BLOCKS = YES;
				GCC_OPTIMIZATION_LEVEL = 0;
				GCC_PREPROCESSOR_DEFINITIONS = (
					"DEBUG=1",
					"$(inherited)",
				);
				GCC_WARN_64_TO_32_BIT_CONVERSION = YES;
				GCC_WARN_ABOUT_RETURN_TYPE = YES_ERROR;
				GCC_WARN_UNDECLARED_SELECTOR = YES;
				GCC_WARN_UNINITIALIZED_AUTOS = YES_AGGRESSIVE;
				GCC_WARN_UNUSED_FUNCTION = YES;
				GCC_WARN_UNUSED_VARIABLE = YES;
				IPHONEOS_DEPLOYMENT_TARGET = 15.5;
				MTL_ENABLE_DEBUG_INFO = INCLUDE_SOURCE;
				MTL_FAST_MATH = YES;
				ONLY_ACTIVE_ARCH = YES;
				SDKROOT = iphoneos;
				SWIFT_ACTIVE_COMPILATION_CONDITIONS = DEBUG;
				SWIFT_OPTIMIZATION_LEVEL = "-Onone";
			};
			name = Debug;
		};
		643806FF289C689D0070E1FC /* Release */ = {
			isa = XCBuildConfiguration;
			buildSettings = {
				ALWAYS_SEARCH_USER_PATHS = NO;
				CLANG_ANALYZER_NONNULL = YES;
				CLANG_ANALYZER_NUMBER_OBJECT_CONVERSION = YES_AGGRESSIVE;
				CLANG_CXX_LANGUAGE_STANDARD = "gnu++17";
				CLANG_ENABLE_MODULES = YES;
				CLANG_ENABLE_OBJC_ARC = YES;
				CLANG_ENABLE_OBJC_WEAK = YES;
				CLANG_WARN_BLOCK_CAPTURE_AUTORELEASING = YES;
				CLANG_WARN_BOOL_CONVERSION = YES;
				CLANG_WARN_COMMA = YES;
				CLANG_WARN_CONSTANT_CONVERSION = YES;
				CLANG_WARN_DEPRECATED_OBJC_IMPLEMENTATIONS = YES;
				CLANG_WARN_DIRECT_OBJC_ISA_USAGE = YES_ERROR;
				CLANG_WARN_DOCUMENTATION_COMMENTS = YES;
				CLANG_WARN_EMPTY_BODY = YES;
				CLANG_WARN_ENUM_CONVERSION = YES;
				CLANG_WARN_INFINITE_RECURSION = YES;
				CLANG_WARN_INT_CONVERSION = YES;
				CLANG_WARN_NON_LITERAL_NULL_CONVERSION = YES;
				CLANG_WARN_OBJC_IMPLICIT_RETAIN_SELF = YES;
				CLANG_WARN_OBJC_LITERAL_CONVERSION = YES;
				CLANG_WARN_OBJC_ROOT_CLASS = YES_ERROR;
				CLANG_WARN_QUOTED_INCLUDE_IN_FRAMEWORK_HEADER = YES;
				CLANG_WARN_RANGE_LOOP_ANALYSIS = YES;
				CLANG_WARN_STRICT_PROTOTYPES = YES;
				CLANG_WARN_SUSPICIOUS_MOVE = YES;
				CLANG_WARN_UNGUARDED_AVAILABILITY = YES_AGGRESSIVE;
				CLANG_WARN_UNREACHABLE_CODE = YES;
				CLANG_WARN__DUPLICATE_METHOD_MATCH = YES;
				COPY_PHASE_STRIP = NO;
				DEBUG_INFORMATION_FORMAT = "dwarf-with-dsym";
				ENABLE_NS_ASSERTIONS = NO;
				ENABLE_STRICT_OBJC_MSGSEND = YES;
				GCC_C_LANGUAGE_STANDARD = gnu11;
				GCC_NO_COMMON_BLOCKS = YES;
				GCC_WARN_64_TO_32_BIT_CONVERSION = YES;
				GCC_WARN_ABOUT_RETURN_TYPE = YES_ERROR;
				GCC_WARN_UNDECLARED_SELECTOR = YES;
				GCC_WARN_UNINITIALIZED_AUTOS = YES_AGGRESSIVE;
				GCC_WARN_UNUSED_FUNCTION = YES;
				GCC_WARN_UNUSED_VARIABLE = YES;
				IPHONEOS_DEPLOYMENT_TARGET = 15.5;
				MTL_ENABLE_DEBUG_INFO = NO;
				MTL_FAST_MATH = YES;
				SDKROOT = iphoneos;
				SWIFT_COMPILATION_MODE = wholemodule;
				SWIFT_OPTIMIZATION_LEVEL = "-O";
				VALIDATE_PRODUCT = YES;
			};
			name = Release;
		};
		64380701289C689D0070E1FC /* Debug */ = {
			isa = XCBuildConfiguration;
			buildSettings = {
				ASSETCATALOG_COMPILER_APPICON_NAME = AppIcon;
				ASSETCATALOG_COMPILER_GLOBAL_ACCENT_COLOR_NAME = AccentColor;
				CODE_SIGN_STYLE = Automatic;
				CURRENT_PROJECT_VERSION = 1;
				GENERATE_INFOPLIST_FILE = YES;
				INFOPLIST_FILE = Login/Info.plist;
				INFOPLIST_KEY_UIApplicationSupportsIndirectInputEvents = YES;
				INFOPLIST_KEY_UILaunchStoryboardName = LaunchScreen;
				INFOPLIST_KEY_UISupportedInterfaceOrientations_iPad = "UIInterfaceOrientationPortrait UIInterfaceOrientationPortraitUpsideDown UIInterfaceOrientationLandscapeLeft UIInterfaceOrientationLandscapeRight";
				INFOPLIST_KEY_UISupportedInterfaceOrientations_iPhone = "UIInterfaceOrientationPortrait UIInterfaceOrientationLandscapeLeft UIInterfaceOrientationLandscapeRight";
				LD_RUNPATH_SEARCH_PATHS = (
					"$(inherited)",
					"@executable_path/Frameworks",
				);
				MARKETING_VERSION = 1.0;
				PRODUCT_BUNDLE_IDENTIFIER = com.raphael.Login;
				PRODUCT_NAME = "$(TARGET_NAME)";
				SWIFT_EMIT_LOC_STRINGS = YES;
				SWIFT_VERSION = 5.0;
				TARGETED_DEVICE_FAMILY = 1;
			};
			name = Debug;
		};
		64380702289C689D0070E1FC /* Release */ = {
			isa = XCBuildConfiguration;
			buildSettings = {
				ASSETCATALOG_COMPILER_APPICON_NAME = AppIcon;
				ASSETCATALOG_COMPILER_GLOBAL_ACCENT_COLOR_NAME = AccentColor;
				CODE_SIGN_STYLE = Automatic;
				CURRENT_PROJECT_VERSION = 1;
				GENERATE_INFOPLIST_FILE = YES;
				INFOPLIST_FILE = Login/Info.plist;
				INFOPLIST_KEY_UIApplicationSupportsIndirectInputEvents = YES;
				INFOPLIST_KEY_UILaunchStoryboardName = LaunchScreen;
				INFOPLIST_KEY_UISupportedInterfaceOrientations_iPad = "UIInterfaceOrientationPortrait UIInterfaceOrientationPortraitUpsideDown UIInterfaceOrientationLandscapeLeft UIInterfaceOrientationLandscapeRight";
				INFOPLIST_KEY_UISupportedInterfaceOrientations_iPhone = "UIInterfaceOrientationPortrait UIInterfaceOrientationLandscapeLeft UIInterfaceOrientationLandscapeRight";
				LD_RUNPATH_SEARCH_PATHS = (
					"$(inherited)",
					"@executable_path/Frameworks",
				);
				MARKETING_VERSION = 1.0;
				PRODUCT_BUNDLE_IDENTIFIER = com.raphael.Login;
				PRODUCT_NAME = "$(TARGET_NAME)";
				SWIFT_EMIT_LOC_STRINGS = YES;
				SWIFT_VERSION = 5.0;
				TARGETED_DEVICE_FAMILY = 1;
			};
			name = Release;
		};
/* End XCBuildConfiguration section */

/* Begin XCConfigurationList section */
		643806E7289C689D0070E1FC /* Build configuration list for PBXProject "Login" */ = {
			isa = XCConfigurationList;
			buildConfigurations = (
				643806FE289C689D0070E1FC /* Debug */,
				643806FF289C689D0070E1FC /* Release */,
			);
			defaultConfigurationIsVisible = 0;
			defaultConfigurationName = Release;
		};
		64380700289C689D0070E1FC /* Build configuration list for PBXNativeTarget "Login" */ = {
			isa = XCConfigurationList;
			buildConfigurations = (
				64380701289C689D0070E1FC /* Debug */,
				64380702289C689D0070E1FC /* Release */,
			);
			defaultConfigurationIsVisible = 0;
			defaultConfigurationName = Release;
		};
/* End XCConfigurationList section */
	};
	rootObject = 643806E4289C689D0070E1FC /* Project object */;
}
